PODS:
  - Flutter (1.0.0)
  - local_auth_signature (1.0.1):
    - Flutter
    - SignatureBiometricSwift (~> 1.0.10)
  - SignatureBiometricSwift (1.0.10)

DEPENDENCIES:
  - Flutter (from `Flutter`)
  - local_auth_signature (from `.symlinks/plugins/local_auth_signature/ios`)

SPEC REPOS:
  trunk:
    - SignatureBiometricSwift

EXTERNAL SOURCES:
  Flutter:
    :path: Flutter
  local_auth_signature:
    :path: ".symlinks/plugins/local_auth_signature/ios"

SPEC CHECKSUMS:
  Flutter: e0871f40cf51350855a761d2e70bf5af5b9b5de7
  local_auth_signature: 5526cf4d92cc893cefc6368926aefb34f124a07d
  SignatureBiometricSwift: e8f35299350fe33b93e7a1342ccb88448c80ff98

PODFILE CHECKSUM: 4e8f8b2be68aeea4c0d5beb6ff1e79fface1d048

COCOAPODS: 1.15.2
