PODS:
  - Flutter (1.0.0)
  - local_auth_signature (1.0.1):
    - Flutter
    - SignatureBiometricSwift (~> 1.0.8)
  - SignatureBiometricSwift (1.0.8)

DEPENDENCIES:
  - Flutter (from `Flutter`)
  - local_auth_signature (from `.symlinks/plugins/local_auth_signature/ios`)

SPEC REPOS:
  trunk:
    - SignatureBiometricSwift

EXTERNAL SOURCES:
  Flutter:
    :path: Flutter
  local_auth_signature:
    :path: ".symlinks/plugins/local_auth_signature/ios"

SPEC CHECKSUMS:
  Flutter: f04841e97a9d0b0a8025694d0796dd46242b2854
  local_auth_signature: 9db9c5d2597cb314a7a1db136aaf210eb9bd7d33
  SignatureBiometricSwift: 5e14724cacaf0feaec439f074fe1785ece66396b

PODFILE CHECKSUM: 7368163408c647b7eb699d0d788ba6718e18fb8d

COCOAPODS: 1.12.1
